// !$*UTF8*$!
{
	archiveVersion = 1;
	classes = {
	};
	objectVersion = 55;
	objects = {

/* Begin PBXBuildFile section */
		3D23581F28ECFA1200C4E0AC /* AppDelegate.swift in Sources */ = {isa = PBXBuildFile; fileRef = 3D23581E28ECFA1200C4E0AC /* AppDelegate.swift */; };
		3D23582128ECFA1200C4E0AC /* SceneDelegate.swift in Sources */ = {isa = PBXBuildFile; fileRef = 3D23582028ECFA1200C4E0AC /* SceneDelegate.swift */; };
		3D23582328ECFA1200C4E0AC /* WeatherViewController.swift in Sources */ = {isa = PBXBuildFile; fileRef = 3D23582228ECFA1200C4E0AC /* WeatherViewController.swift */; };
		3D23582628ECFA1200C4E0AC /* Main.storyboard in Resources */ = {isa = PBXBuildFile; fileRef = 3D23582428ECFA1200C4E0AC /* Main.storyboard */; };
		3D23582828ECFA1600C4E0AC /* Assets.xcassets in Resources */ = {isa = PBXBuildFile; fileRef = 3D23582728ECFA1600C4E0AC /* Assets.xcassets */; };
		3D23582B28ECFA1600C4E0AC /* LaunchScreen.storyboard in Resources */ = {isa = PBXBuildFile; fileRef = 3D23582928ECFA1600C4E0AC /* LaunchScreen.storyboard */; };
		3D23583928ED11D400C4E0AC /* WeatherManager.swift in Sources */ = {isa = PBXBuildFile; fileRef = 3D23583828ED11D400C4E0AC /* WeatherManager.swift */; };
		3D23583C28ED1D2200C4E0AC /* WeatherData.swift in Sources */ = {isa = PBXBuildFile; fileRef = 3D23583B28ED1D2200C4E0AC /* WeatherData.swift */; };
		3D23583E28ED207900C4E0AC /* WeatherModel.swift in Sources */ = {isa = PBXBuildFile; fileRef = 3D23583D28ED207900C4E0AC /* WeatherModel.swift */; };
/* End PBXBuildFile section */

/* Begin PBXFileReference section */
		3D23581B28ECFA1200C4E0AC /* Clima.app */ = {isa = PBXFileReference; explicitFileType = wrapper.application; includeInIndex = 0; path = Clima.app; sourceTree = BUILT_PRODUCTS_DIR; };
		3D23581E28ECFA1200C4E0AC /* AppDelegate.swift */ = {isa = PBXFileReference; lastKnownFileType = sourcecode.swift; path = AppDelegate.swift; sourceTree = "<group>"; };
		3D23582028ECFA1200C4E0AC /* SceneDelegate.swift */ = {isa = PBXFileReference; lastKnownFileType = sourcecode.swift; path = SceneDelegate.swift; sourceTree = "<group>"; };
		3D23582228ECFA1200C4E0AC /* WeatherViewController.swift */ = {isa = PBXFileReference; lastKnownFileType = sourcecode.swift; path = WeatherViewController.swift; sourceTree = "<group>"; };
		3D23582528ECFA1200C4E0AC /* Base */ = {isa = PBXFileReference; lastKnownFileType = file.storyboard; name = Base; path = Base.lproj/Main.storyboard; sourceTree = "<group>"; };
		3D23582728ECFA1600C4E0AC /* Assets.xcassets */ = {isa = PBXFileReference; lastKnownFileType = folder.assetcatalog; path = Assets.xcassets; sourceTree = "<group>"; };
		3D23582A28ECFA1600C4E0AC /* Base */ = {isa = PBXFileReference; lastKnownFileType = file.storyboard; name = Base; path = Base.lproj/LaunchScreen.storyboard; sourceTree = "<group>"; };
		3D23582C28ECFA1600C4E0AC /* Info.plist */ = {isa = PBXFileReference; lastKnownFileType = text.plist.xml; path = Info.plist; sourceTree = "<group>"; };
		3D23583828ED11D400C4E0AC /* WeatherManager.swift */ = {isa = PBXFileReference; lastKnownFileType = sourcecode.swift; path = WeatherManager.swift; sourceTree = "<group>"; };
		3D23583B28ED1D2200C4E0AC /* WeatherData.swift */ = {isa = PBXFileReference; lastKnownFileType = sourcecode.swift; path = WeatherData.swift; sourceTree = "<group>"; };
		3D23583D28ED207900C4E0AC /* WeatherModel.swift */ = {isa = PBXFileReference; lastKnownFileType = sourcecode.swift; path = WeatherModel.swift; sourceTree = "<group>"; };
/* End PBXFileReference section */

/* Begin PBXFrameworksBuildPhase section */
		3D23581828ECFA1200C4E0AC /* Frameworks */ = {
			isa = PBXFrameworksBuildPhase;
			buildActionMask = 2147483647;
			files = (
			);
			runOnlyForDeploymentPostprocessing = 0;
		};
/* End PBXFrameworksBuildPhase section */

/* Begin PBXGroup section */
		3D23581228ECFA1200C4E0AC = {
			isa = PBXGroup;
			children = (
				3D23581D28ECFA1200C4E0AC /* Clima */,
				3D23581C28ECFA1200C4E0AC /* Products */,
			);
			sourceTree = "<group>";
		};
		3D23581C28ECFA1200C4E0AC /* Products */ = {
			isa = PBXGroup;
			children = (
				3D23581B28ECFA1200C4E0AC /* Clima.app */,
			);
			name = Products;
			sourceTree = "<group>";
		};
		3D23581D28ECFA1200C4E0AC /* Clima */ = {
			isa = PBXGroup;
			children = (
				3D23581E28ECFA1200C4E0AC /* AppDelegate.swift */,
				3D23582028ECFA1200C4E0AC /* SceneDelegate.swift */,
				3D23583A28ED11DB00C4E0AC /* Model */,
				3D23583728ED093A00C4E0AC /* View */,
				3D23583628ECFC3400C4E0AC /* Controller */,
				3D23582728ECFA1600C4E0AC /* Assets.xcassets */,
				3D23582928ECFA1600C4E0AC /* LaunchScreen.storyboard */,
				3D23582C28ECFA1600C4E0AC /* Info.plist */,
			);
			path = Clima;
			sourceTree = "<group>";
		};
		3D23583628ECFC3400C4E0AC /* Controller */ = {
			isa = PBXGroup;
			children = (
				3D23582228ECFA1200C4E0AC /* WeatherViewController.swift */,
			);
			path = Controller;
			sourceTree = "<group>";
		};
		3D23583728ED093A00C4E0AC /* View */ = {
			isa = PBXGroup;
			children = (
				3D23582428ECFA1200C4E0AC /* Main.storyboard */,
			);
			path = View;
			sourceTree = "<group>";
		};
		3D23583A28ED11DB00C4E0AC /* Model */ = {
			isa = PBXGroup;
			children = (
				3D23583828ED11D400C4E0AC /* WeatherManager.swift */,
				3D23583B28ED1D2200C4E0AC /* WeatherData.swift */,
				3D23583D28ED207900C4E0AC /* WeatherModel.swift */,
			);
			path = Model;
			sourceTree = "<group>";
		};
/* End PBXGroup section */

/* Begin PBXNativeTarget section */
		3D23581A28ECFA1200C4E0AC /* Clima */ = {
			isa = PBXNativeTarget;
			buildConfigurationList = 3D23582F28ECFA1600C4E0AC /* Build configuration list for PBXNativeTarget "Clima" */;
			buildPhases = (
				3D23581728ECFA1200C4E0AC /* Sources */,
				3D23581828ECFA1200C4E0AC /* Frameworks */,
				3D23581928ECFA1200C4E0AC /* Resources */,
			);
			buildRules = (
			);
			dependencies = (
			);
			name = Clima;
			productName = Clima;
			productReference = 3D23581B28ECFA1200C4E0AC /* Clima.app */;
			productType = "com.apple.product-type.application";
		};
/* End PBXNativeTarget section */

/* Begin PBXProject section */
		3D23581328ECFA1200C4E0AC /* Project object */ = {
			isa = PBXProject;
			attributes = {
				BuildIndependentTargetsInParallel = 1;
				LastSwiftUpdateCheck = 1330;
				LastUpgradeCheck = 1330;
				TargetAttributes = {
					3D23581A28ECFA1200C4E0AC = {
						CreatedOnToolsVersion = 13.3.1;
					};
				};
			};
			buildConfigurationList = 3D23581628ECFA1200C4E0AC /* Build configuration list for PBXProject "Clima" */;
			compatibilityVersion = "Xcode 13.0";
			developmentRegion = en;
			hasScannedForEncodings = 0;
			knownRegions = (
				en,
				Base,
			);
			mainGroup = 3D23581228ECFA1200C4E0AC;
			productRefGroup = 3D23581C28ECFA1200C4E0AC /* Products */;
			projectDirPath = "";
			projectRoot = "";
			targets = (
				3D23581A28ECFA1200C4E0AC /* Clima */,
			);
		};
/* End PBXProject section */

/* Begin PBXResourcesBuildPhase section */
		3D23581928ECFA1200C4E0AC /* Resources */ = {
			isa = PBXResourcesBuildPhase;
			buildActionMask = 2147483647;
			files = (
				3D23582B28ECFA1600C4E0AC /* LaunchScreen.storyboard in Resources */,
				3D23582828ECFA1600C4E0AC /* Assets.xcassets in Resources */,
				3D23582628ECFA1200C4E0AC /* Main.storyboard in Resources */,
			);
			runOnlyForDeploymentPostprocessing = 0;
		};
/* End PBXResourcesBuildPhase section */

/* Begin PBXSourcesBuildPhase section */
		3D23581728ECFA1200C4E0AC /* Sources */ = {
			isa = PBXSourcesBuildPhase;
			buildActionMask = 2147483647;
			files = (
				3D23582328ECFA1200C4E0AC /* WeatherViewController.swift in Sources */,
				3D23583C28ED1D2200C4E0AC /* WeatherData.swift in Sources */,
				3D23581F28ECFA1200C4E0AC /* AppDelegate.swift in Sources */,
				3D23583928ED11D400C4E0AC /* WeatherManager.swift in Sources */,
				3D23583E28ED207900C4E0AC /* WeatherModel.swift in Sources */,
				3D23582128ECFA1200C4E0AC /* SceneDelegate.swift in Sources */,
			);
			runOnlyForDeploymentPostprocessing = 0;
		};
/* End PBXSourcesBuildPhase section */

/* Begin PBXVariantGroup section */
		3D23582428ECFA1200C4E0AC /* Main.storyboard */ = {
			isa = PBXVariantGroup;
			children = (
				3D23582528ECFA1200C4E0AC /* Base */,
			);
			name = Main.storyboard;
			sourceTree = "<group>";
		};
		3D23582928ECFA1600C4E0AC /* LaunchScreen.storyboard */ = {
			isa = PBXVariantGroup;
			children = (
				3D23582A28ECFA1600C4E0AC /* Base */,
			);
			name = LaunchScreen.storyboard;
			sourceTree = "<group>";
		};
/* End PBXVariantGroup section */

/* Begin XCBuildConfiguration section */
		3D23582D28ECFA1600C4E0AC /* Debug */ = {
			isa = XCBuildConfiguration;
			buildSettings = {
				ALWAYS_SEARCH_USER_PATHS = NO;
				CLANG_ANALYZER_NONNULL = YES;
				CLANG_ANALYZER_NUMBER_OBJECT_CONVERSION = YES_AGGRESSIVE;
				CLANG_CXX_LANGUAGE_STANDARD = "gnu++17";
				CLANG_ENABLE_MODULES = YES;
				CLANG_ENABLE_OBJC_ARC = YES;
				CLANG_ENABLE_OBJC_WEAK = YES;
				CLANG_WARN_BLOCK_CAPTURE_AUTORELEASING = YES;
				CLANG_WARN_BOOL_CONVERSION = YES;
				CLANG_WARN_COMMA = YES;
				CLANG_WARN_CONSTANT_CONVERSION = YES;
				CLANG_WARN_DEPRECATED_OBJC_IMPLEMENTATIONS = YES;
				CLANG_WARN_DIRECT_OBJC_ISA_USAGE = YES_ERROR;
				CLANG_WARN_DOCUMENTATION_COMMENTS = YES;
				CLANG_WARN_EMPTY_BODY = YES;
				CLANG_WARN_ENUM_CONVERSION = YES;
				CLANG_WARN_INFINITE_RECURSION = YES;
				CLANG_WARN_INT_CONVERSION = YES;
				CLANG_WARN_NON_LITERAL_NULL_CONVERSION = YES;
				CLANG_WARN_OBJC_IMPLICIT_RETAIN_SELF = YES;
				CLANG_WARN_OBJC_LITERAL_CONVERSION = YES;
				CLANG_WARN_OBJC_ROOT_CLASS = YES_ERROR;
				CLANG_WARN_QUOTED_INCLUDE_IN_FRAMEWORK_HEADER = YES;
				CLANG_WARN_RANGE_LOOP_ANALYSIS = YES;
				CLANG_WARN_STRICT_PROTOTYPES = YES;
				CLANG_WARN_SUSPICIOUS_MOVE = YES;
				CLANG_WARN_UNGUARDED_AVAILABILITY = YES_AGGRESSIVE;
				CLANG_WARN_UNREACHABLE_CODE = YES;
				CLANG_WARN__DUPLICATE_METHOD_MATCH = YES;
				COPY_PHASE_STRIP = NO;
				DEBUG_INFORMATION_FORMAT = dwarf;
				ENABLE_STRICT_OBJC_MSGSEND = YES;
				ENABLE_TESTABILITY = YES;
				GCC_C_LANGUAGE_STANDARD = gnu11;
				GCC_DYNAMIC_NO_PIC = NO;
				GCC_NO_COMMON_BLOCKS = YES;
				GCC_OPTIMIZATION_LEVEL = 0;
				GCC_PREPROCESSOR_DEFINITIONS = (
					"DEBUG=1",
					"$(inherited)",
				);
				GCC_WARN_64_TO_32_BIT_CONVERSION = YES;
				GCC_WARN_ABOUT_RETURN_TYPE = YES_ERROR;
				GCC_WARN_UNDECLARED_SELECTOR = YES;
				GCC_WARN_UNINITIALIZED_AUTOS = YES_AGGRESSIVE;
				GCC_WARN_UNUSED_FUNCTION = YES;
				GCC_WARN_UNUSED_VARIABLE = YES;
				IPHONEOS_DEPLOYMENT_TARGET = 15.4;
				MTL_ENABLE_DEBUG_INFO = INCLUDE_SOURCE;
				MTL_FAST_MATH = YES;
				ONLY_ACTIVE_ARCH = YES;
				SDKROOT = iphoneos;
				SWIFT_ACTIVE_COMPILATION_CONDITIONS = DEBUG;
				SWIFT_OPTIMIZATION_LEVEL = "-Onone";
			};
			name = Debug;
		};
		3D23582E28ECFA1600C4E0AC /* Release */ = {
			isa = XCBuildConfiguration;
			buildSettings = {
				ALWAYS_SEARCH_USER_PATHS = NO;
				CLANG_ANALYZER_NONNULL = YES;
				CLANG_ANALYZER_NUMBER_OBJECT_CONVERSION = YES_AGGRESSIVE;
				CLANG_CXX_LANGUAGE_STANDARD = "gnu++17";
				CLANG_ENABLE_MODULES = YES;
				CLANG_ENABLE_OBJC_ARC = YES;
				CLANG_ENABLE_OBJC_WEAK = YES;
				CLANG_WARN_BLOCK_CAPTURE_AUTORELEASING = YES;
				CLANG_WARN_BOOL_CONVERSION = YES;
				CLANG_WARN_COMMA = YES;
				CLANG_WARN_CONSTANT_CONVERSION = YES;
				CLANG_WARN_DEPRECATED_OBJC_IMPLEMENTATIONS = YES;
				CLANG_WARN_DIRECT_OBJC_ISA_USAGE = YES_ERROR;
				CLANG_WARN_DOCUMENTATION_COMMENTS = YES;
				CLANG_WARN_EMPTY_BODY = YES;
				CLANG_WARN_ENUM_CONVERSION = YES;
				CLANG_WARN_INFINITE_RECURSION = YES;
				CLANG_WARN_INT_CONVERSION = YES;
				CLANG_WARN_NON_LITERAL_NULL_CONVERSION = YES;
				CLANG_WARN_OBJC_IMPLICIT_RETAIN_SELF = YES;
				CLANG_WARN_OBJC_LITERAL_CONVERSION = YES;
				CLANG_WARN_OBJC_ROOT_CLASS = YES_ERROR;
				CLANG_WARN_QUOTED_INCLUDE_IN_FRAMEWORK_HEADER = YES;
				CLANG_WARN_RANGE_LOOP_ANALYSIS = YES;
				CLANG_WARN_STRICT_PROTOTYPES = YES;
				CLANG_WARN_SUSPICIOUS_MOVE = YES;
				CLANG_WARN_UNGUARDED_AVAILABILITY = YES_AGGRESSIVE;
				CLANG_WARN_UNREACHABLE_CODE = YES;
				CLANG_WARN__DUPLICATE_METHOD_MATCH = YES;
				COPY_PHASE_STRIP = NO;
				DEBUG_INFORMATION_FORMAT = "dwarf-with-dsym";
				ENABLE_NS_ASSERTIONS = NO;
				ENABLE_STRICT_OBJC_MSGSEND = YES;
				GCC_C_LANGUAGE_STANDARD = gnu11;
				GCC_NO_COMMON_BLOCKS = YES;
				GCC_WARN_64_TO_32_BIT_CONVERSION = YES;
				GCC_WARN_ABOUT_RETURN_TYPE = YES_ERROR;
				GCC_WARN_UNDECLARED_SELECTOR = YES;
				GCC_WARN_UNINITIALIZED_AUTOS = YES_AGGRESSIVE;
				GCC_WARN_UNUSED_FUNCTION = YES;
				GCC_WARN_UNUSED_VARIABLE = YES;
				IPHONEOS_DEPLOYMENT_TARGET = 15.4;
				MTL_ENABLE_DEBUG_INFO = NO;
				MTL_FAST_MATH = YES;
				SDKROOT = iphoneos;
				SWIFT_COMPILATION_MODE = wholemodule;
				SWIFT_OPTIMIZATION_LEVEL = "-O";
				VALIDATE_PRODUCT = YES;
			};
			name = Release;
		};
		3D23583028ECFA1600C4E0AC /* Debug */ = {
			isa = XCBuildConfiguration;
			buildSettings = {
				ASSETCATALOG_COMPILER_APPICON_NAME = AppIcon;
				ASSETCATALOG_COMPILER_GLOBAL_ACCENT_COLOR_NAME = AccentColor;
				CODE_SIGN_STYLE = Automatic;
				CURRENT_PROJECT_VERSION = 1;
				GENERATE_INFOPLIST_FILE = YES;
				INFOPLIST_FILE = Clima/Info.plist;
				INFOPLIST_KEY_UIApplicationSupportsIndirectInputEvents = YES;
				INFOPLIST_KEY_UILaunchStoryboardName = LaunchScreen;
				INFOPLIST_KEY_UIMainStoryboardFile = Main;
				INFOPLIST_KEY_UISupportedInterfaceOrientations_iPad = "UIInterfaceOrientationPortrait UIInterfaceOrientationPortraitUpsideDown UIInterfaceOrientationLandscapeLeft UIInterfaceOrientationLandscapeRight";
				INFOPLIST_KEY_UISupportedInterfaceOrientations_iPhone = "UIInterfaceOrientationPortrait UIInterfaceOrientationLandscapeLeft UIInterfaceOrientationLandscapeRight";
				IPHONEOS_DEPLOYMENT_TARGET = 15.1;
				LD_RUNPATH_SEARCH_PATHS = (
					"$(inherited)",
					"@executable_path/Frameworks",
				);
				MARKETING_VERSION = 1.0;
				PRODUCT_BUNDLE_IDENTIFIER = PML.Clima;
				PRODUCT_NAME = "$(TARGET_NAME)";
				SWIFT_EMIT_LOC_STRINGS = YES;
				SWIFT_VERSION = 5.0;
				TARGETED_DEVICE_FAMILY = "1,2";
			};
			name = Debug;
		};
		3D23583128ECFA1600C4E0AC /* Release */ = {
			isa = XCBuildConfiguration;
			buildSettings = {
				ASSETCATALOG_COMPILER_APPICON_NAME = AppIcon;
				ASSETCATALOG_COMPILER_GLOBAL_ACCENT_COLOR_NAME = AccentColor;
				CODE_SIGN_STYLE = Automatic;
				CURRENT_PROJECT_VERSION = 1;
				GENERATE_INFOPLIST_FILE = YES;
				INFOPLIST_FILE = Clima/Info.plist;
				INFOPLIST_KEY_UIApplicationSupportsIndirectInputEvents = YES;
				INFOPLIST_KEY_UILaunchStoryboardName = LaunchScreen;
				INFOPLIST_KEY_UIMainStoryboardFile = Main;
				INFOPLIST_KEY_UISupportedInterfaceOrientations_iPad = "UIInterfaceOrientationPortrait UIInterfaceOrientationPortraitUpsideDown UIInterfaceOrientationLandscapeLeft UIInterfaceOrientationLandscapeRight";
				INFOPLIST_KEY_UISupportedInterfaceOrientations_iPhone = "UIInterfaceOrientationPortrait UIInterfaceOrientationLandscapeLeft UIInterfaceOrientationLandscapeRight";
				IPHONEOS_DEPLOYMENT_TARGET = 15.1;
				LD_RUNPATH_SEARCH_PATHS = (
					"$(inherited)",
					"@executable_path/Frameworks",
				);
				MARKETING_VERSION = 1.0;
				PRODUCT_BUNDLE_IDENTIFIER = PML.Clima;
				PRODUCT_NAME = "$(TARGET_NAME)";
				SWIFT_EMIT_LOC_STRINGS = YES;
				SWIFT_VERSION = 5.0;
				TARGETED_DEVICE_FAMILY = "1,2";
			};
			name = Release;
		};
/* End XCBuildConfiguration section */

/* Begin XCConfigurationList section */
		3D23581628ECFA1200C4E0AC /* Build configuration list for PBXProject "Clima" */ = {
			isa = XCConfigurationList;
			buildConfigurations = (
				3D23582D28ECFA1600C4E0AC /* Debug */,
				3D23582E28ECFA1600C4E0AC /* Release */,
			);
			defaultConfigurationIsVisible = 0;
			defaultConfigurationName = Release;
		};
		3D23582F28ECFA1600C4E0AC /* Build configuration list for PBXNativeTarget "Clima" */ = {
			isa = XCConfigurationList;
			buildConfigurations = (
				3D23583028ECFA1600C4E0AC /* Debug */,
				3D23583128ECFA1600C4E0AC /* Release */,
			);
			defaultConfigurationIsVisible = 0;
			defaultConfigurationName = Release;
		};
/* End XCConfigurationList section */
	};
	rootObject = 3D23581328ECFA1200C4E0AC /* Project object */;
}
